
Microsoft Visual Studio Solution File, Format Version 12.00
# Visual Studio Version 17
VisualStudioVersion = 17.3.32901.215
MinimumVisualStudioVersion = 10.0.40219.1
Project("{FAE04EC0-301F-11D3-BF4B-00C04F79EFBC}") = "3inRow", "3inRow\3inRow.csproj", "{55B4B63F-3247-4695-8B88-59DA6E29493D}"
EndProject
Global
	GlobalSection(SolutionConfigurationPlatforms) = preSolution
		Debug|Any CPU = Debug|Any CPU
		Release|Any CPU = Release|Any CPU
	EndGlobalSection
	GlobalSection(ProjectConfigurationPlatforms) = postSolution
		{55B4B63F-3247-4695-8B88-59DA6E29493D}.Debug|Any CPU.ActiveCfg = Debug|Any CPU
		{55B4B63F-3247-4695-8B88-59DA6E29493D}.Debug|Any CPU.Build.0 = Debug|Any CPU
		{55B4B63F-3247-4695-8B88-59DA6E29493D}.Release|Any CPU.ActiveCfg = Release|Any CPU
		{55B4B63F-3247-4695-8B88-59DA6E29493D}.Release|Any CPU.Build.0 = Release|Any CPU
	EndGlobalSection
	GlobalSection(SolutionProperties) = preSolution
		HideSolutionNode = FALSE
	EndGlobalSection
	GlobalSection(ExtensibilityGlobals) = postSolution
		SolutionGuid = {38D23489-A3C4-4C21-93BD-C4A7687D62DF}
	EndGlobalSection
EndGlobal
